
Microsoft Visual Studio Solution File, Format Version 12.00
# Visual Studio Version 16
VisualStudioVersion = 16.0.31702.278
MinimumVisualStudioVersion = 10.0.40219.1
Project("{FAE04EC0-301F-11D3-BF4B-00C04F79EFBC}") = "I3.WAD21.Demos.LinqVar", "I3.WAD21.Demos.LinqVar\I3.WAD21.Demos.LinqVar.csproj", "{2005DF80-ED35-427D-BA66-E610BD50E2FD}"
EndProject
Project("{FAE04EC0-301F-11D3-BF4B-00C04F79EFBC}") = "I3.WAD21.Demos.LinqTypeAnonyme", "I3.WAD21.Demos.LinqTypeAnonyme\I3.WAD21.Demos.LinqTypeAnonyme.csproj", "{9704DADC-D738-4E3A-A3E9-0E4E391FDBE6}"
EndProject
Project("{FAE04EC0-301F-11D3-BF4B-00C04F79EFBC}") = "I3.WAD21.Demos.LinqLambda", "I3.WAD21.Demos.LinqLambda\I3.WAD21.Demos.LinqLambda.csproj", "{14602280-3A48-4141-A0F1-D6E6471491EE}"
EndProject
Project("{FAE04EC0-301F-11D3-BF4B-00C04F79EFBC}") = "I3.WAD21.Demos.LinqExtensions", "I3.WAD21.Demos.LinqExtensions\I3.WAD21.Demos.LinqExtensions.csproj", "{89E3CB82-DC82-4426-8A60-A7A91FA23ADA}"
EndProject
Project("{FAE04EC0-301F-11D3-BF4B-00C04F79EFBC}") = "I3.WAD21.Demos.LinqBasic", "I3.WAD21.Demos.LinqBasic\I3.WAD21.Demos.LinqBasic.csproj", "{86F730EE-FD75-4450-93F7-DD8692D6E134}"
EndProject
Global
	GlobalSection(SolutionConfigurationPlatforms) = preSolution
		Debug|Any CPU = Debug|Any CPU
		Release|Any CPU = Release|Any CPU
	EndGlobalSection
	GlobalSection(ProjectConfigurationPlatforms) = postSolution
		{2005DF80-ED35-427D-BA66-E610BD50E2FD}.Debug|Any CPU.ActiveCfg = Debug|Any CPU
		{2005DF80-ED35-427D-BA66-E610BD50E2FD}.Debug|Any CPU.Build.0 = Debug|Any CPU
		{2005DF80-ED35-427D-BA66-E610BD50E2FD}.Release|Any CPU.ActiveCfg = Release|Any CPU
		{2005DF80-ED35-427D-BA66-E610BD50E2FD}.Release|Any CPU.Build.0 = Release|Any CPU
		{9704DADC-D738-4E3A-A3E9-0E4E391FDBE6}.Debug|Any CPU.ActiveCfg = Debug|Any CPU
		{9704DADC-D738-4E3A-A3E9-0E4E391FDBE6}.Debug|Any CPU.Build.0 = Debug|Any CPU
		{9704DADC-D738-4E3A-A3E9-0E4E391FDBE6}.Release|Any CPU.ActiveCfg = Release|Any CPU
		{9704DADC-D738-4E3A-A3E9-0E4E391FDBE6}.Release|Any CPU.Build.0 = Release|Any CPU
		{14602280-3A48-4141-A0F1-D6E6471491EE}.Debug|Any CPU.ActiveCfg = Debug|Any CPU
		{14602280-3A48-4141-A0F1-D6E6471491EE}.Debug|Any CPU.Build.0 = Debug|Any CPU
		{14602280-3A48-4141-A0F1-D6E6471491EE}.Release|Any CPU.ActiveCfg = Release|Any CPU
		{14602280-3A48-4141-A0F1-D6E6471491EE}.Release|Any CPU.Build.0 = Release|Any CPU
		{89E3CB82-DC82-4426-8A60-A7A91FA23ADA}.Debug|Any CPU.ActiveCfg = Debug|Any CPU
		{89E3CB82-DC82-4426-8A60-A7A91FA23ADA}.Debug|Any CPU.Build.0 = Debug|Any CPU
		{89E3CB82-DC82-4426-8A60-A7A91FA23ADA}.Release|Any CPU.ActiveCfg = Release|Any CPU
		{89E3CB82-DC82-4426-8A60-A7A91FA23ADA}.Release|Any CPU.Build.0 = Release|Any CPU
		{86F730EE-FD75-4450-93F7-DD8692D6E134}.Debug|Any CPU.ActiveCfg = Debug|Any CPU
		{86F730EE-FD75-4450-93F7-DD8692D6E134}.Debug|Any CPU.Build.0 = Debug|Any CPU
		{86F730EE-FD75-4450-93F7-DD8692D6E134}.Release|Any CPU.ActiveCfg = Release|Any CPU
		{86F730EE-FD75-4450-93F7-DD8692D6E134}.Release|Any CPU.Build.0 = Release|Any CPU
	EndGlobalSection
	GlobalSection(SolutionProperties) = preSolution
		HideSolutionNode = FALSE
	EndGlobalSection
	GlobalSection(ExtensibilityGlobals) = postSolution
		SolutionGuid = {C4EB8CB3-D808-47CA-88DF-96428F86F270}
	EndGlobalSection
EndGlobal
